
Microsoft Visual Studio Solution File, Format Version 12.00
# Visual Studio Version 17
VisualStudioVersion = 17.6.33723.286
MinimumVisualStudioVersion = 10.0.40219.1
Project("{FAE04EC0-301F-11D3-BF4B-00C04F79EFBC}") = "truckwheels", "truckwheels\truckwheels.csproj", "{2B014954-E90E-43DA-AC3E-89EFD621A60A}"
EndProject
Global
	GlobalSection(SolutionConfigurationPlatforms) = preSolution
		Debug|Any CPU = Debug|Any CPU
		Release|Any CPU = Release|Any CPU
	EndGlobalSection
	GlobalSection(ProjectConfigurationPlatforms) = postSolution
		{2B014954-E90E-43DA-AC3E-89EFD621A60A}.Debug|Any CPU.ActiveCfg = Debug|Any CPU
		{2B014954-E90E-43DA-AC3E-89EFD621A60A}.Debug|Any CPU.Build.0 = Debug|Any CPU
		{2B014954-E90E-43DA-AC3E-89EFD621A60A}.Release|Any CPU.ActiveCfg = Release|Any CPU
		{2B014954-E90E-43DA-AC3E-89EFD621A60A}.Release|Any CPU.Build.0 = Release|Any CPU
	EndGlobalSection
	GlobalSection(SolutionProperties) = preSolution
		HideSolutionNode = FALSE
	EndGlobalSection
	GlobalSection(ExtensibilityGlobals) = postSolution
		SolutionGuid = {C67CDE6C-A43B-4F6D-990C-036439F0E184}
	EndGlobalSection
EndGlobal
